
Microsoft Visual Studio Solution File, Format Version 12.00
Project("{2150E333-8FDC-42A3-9474-1A3956D46DE8}") = "solution-items", "solution-items", "{14E6106D-87D5-4805-B227-3651C9E696BA}"
	ProjectSection(SolutionItems) = preProject
		README.md = README.md
		.gitignore = .gitignore
	EndProjectSection
EndProject
Project("{FAE04EC0-301F-11D3-BF4B-00C04F79EFBC}") = "FRM.Application", "FRM.Application\FRM.Application.csproj", "{A6C1D3A3-07CE-4EE1-A919-77BBFBC465BD}"
EndProject
Project("{FAE04EC0-301F-11D3-BF4B-00C04F79EFBC}") = "FRM.Infrastructure", "FRM.Infrastructure\FRM.Infrastructure.csproj", "{B378CEAC-9A7E-4653-9059-6A81EBE1FB0D}"
EndProject
Project("{FAE04EC0-301F-11D3-BF4B-00C04F79EFBC}") = "FRM.API", "FRM.API\FRM.API.csproj", "{5F786306-0A9B-4138-8CE2-0958298D4936}"
EndProject
Project("{FAE04EC0-301F-11D3-BF4B-00C04F79EFBC}") = "FRM.Application.Tests", "FRM.Application.Tests\FRM.Application.Tests.csproj", "{B1EA01EB-F32C-4DFF-9C98-5C6D816F0240}"
EndProject
Project("{FAE04EC0-301F-11D3-BF4B-00C04F79EFBC}") = "FRM.Domain", "FRM.Domain\FRM.Domain.csproj", "{6AF3DEFD-CD58-400D-9C8F-36965C7D852F}"
EndProject
Global
	GlobalSection(SolutionConfigurationPlatforms) = preSolution
		Debug|Any CPU = Debug|Any CPU
		Release|Any CPU = Release|Any CPU
	EndGlobalSection
	GlobalSection(ProjectConfigurationPlatforms) = postSolution
		{A6C1D3A3-07CE-4EE1-A919-77BBFBC465BD}.Debug|Any CPU.ActiveCfg = Debug|Any CPU
		{A6C1D3A3-07CE-4EE1-A919-77BBFBC465BD}.Debug|Any CPU.Build.0 = Debug|Any CPU
		{A6C1D3A3-07CE-4EE1-A919-77BBFBC465BD}.Release|Any CPU.ActiveCfg = Release|Any CPU
		{A6C1D3A3-07CE-4EE1-A919-77BBFBC465BD}.Release|Any CPU.Build.0 = Release|Any CPU
		{B378CEAC-9A7E-4653-9059-6A81EBE1FB0D}.Debug|Any CPU.ActiveCfg = Debug|Any CPU
		{B378CEAC-9A7E-4653-9059-6A81EBE1FB0D}.Debug|Any CPU.Build.0 = Debug|Any CPU
		{B378CEAC-9A7E-4653-9059-6A81EBE1FB0D}.Release|Any CPU.ActiveCfg = Release|Any CPU
		{B378CEAC-9A7E-4653-9059-6A81EBE1FB0D}.Release|Any CPU.Build.0 = Release|Any CPU
		{5F786306-0A9B-4138-8CE2-0958298D4936}.Debug|Any CPU.ActiveCfg = Debug|Any CPU
		{5F786306-0A9B-4138-8CE2-0958298D4936}.Debug|Any CPU.Build.0 = Debug|Any CPU
		{5F786306-0A9B-4138-8CE2-0958298D4936}.Release|Any CPU.ActiveCfg = Release|Any CPU
		{5F786306-0A9B-4138-8CE2-0958298D4936}.Release|Any CPU.Build.0 = Release|Any CPU
		{B1EA01EB-F32C-4DFF-9C98-5C6D816F0240}.Debug|Any CPU.ActiveCfg = Debug|Any CPU
		{B1EA01EB-F32C-4DFF-9C98-5C6D816F0240}.Debug|Any CPU.Build.0 = Debug|Any CPU
		{B1EA01EB-F32C-4DFF-9C98-5C6D816F0240}.Release|Any CPU.ActiveCfg = Release|Any CPU
		{B1EA01EB-F32C-4DFF-9C98-5C6D816F0240}.Release|Any CPU.Build.0 = Release|Any CPU
		{6AF3DEFD-CD58-400D-9C8F-36965C7D852F}.Debug|Any CPU.ActiveCfg = Debug|Any CPU
		{6AF3DEFD-CD58-400D-9C8F-36965C7D852F}.Debug|Any CPU.Build.0 = Debug|Any CPU
		{6AF3DEFD-CD58-400D-9C8F-36965C7D852F}.Release|Any CPU.ActiveCfg = Release|Any CPU
		{6AF3DEFD-CD58-400D-9C8F-36965C7D852F}.Release|Any CPU.Build.0 = Release|Any CPU
	EndGlobalSection
EndGlobal
